
Microsoft Visual Studio Solution File, Format Version 12.00
# Visual Studio Version 17
VisualStudioVersion = 17.14.36414.22
MinimumVisualStudioVersion = 10.0.40219.1
Project("{2150E333-8FDC-42A3-9474-1A3956D46DE8}") = "AuthService", "AuthService", "{02EA681E-C7D8-13C7-8484-4AC65E1B71E8}"
EndProject
Project("{2150E333-8FDC-42A3-9474-1A3956D46DE8}") = "ProductService", "ProductService", "{A42F68AE-1423-401E-921E-DDCF6C4C4B4B}"
EndProject
Project("{2150E333-8FDC-42A3-9474-1A3956D46DE8}") = "LogService", "LogService", "{2E811AEC-19FA-4B49-BDEC-F4D530F591AE}"
EndProject
Project("{2150E333-8FDC-42A3-9474-1A3956D46DE8}") = "ApiGateway", "ApiGateway", "{D079E978-C139-472C-979A-A620C1A17FBE}"
EndProject
Project("{FAE04EC0-301F-11D3-BF4B-00C04F79EFBC}") = "ProductService.Domain", "ProductService.Domain\ProductService.Domain.csproj", "{043BC6E2-F8D0-444D-8869-52E5CEB795B6}"
EndProject
Project("{FAE04EC0-301F-11D3-BF4B-00C04F79EFBC}") = "ProductService.Application", "ProductService.Application\ProductService.Application.csproj", "{679F31F7-44D5-4F65-BD1B-F2E73BD899EC}"
EndProject
Project("{FAE04EC0-301F-11D3-BF4B-00C04F79EFBC}") = "ProductService.Infrastructure", "ProductService.Infrastructure\ProductService.Infrastructure.csproj", "{865F6581-1B4F-458D-8A21-3E2713B931ED}"
EndProject
Project("{FAE04EC0-301F-11D3-BF4B-00C04F79EFBC}") = "ProductService.API", "ProductService.API\ProductService.API.csproj", "{77F0CCAC-7A06-4F16-9AEE-8E35319CA697}"
EndProject
Project("{FAE04EC0-301F-11D3-BF4B-00C04F79EFBC}") = "AuthService.Domain", "AuthService.Domain\AuthService.Domain.csproj", "{FF2626A6-2D92-464E-B7C6-E243A8694C68}"
EndProject
Project("{FAE04EC0-301F-11D3-BF4B-00C04F79EFBC}") = "AuthService.Application", "AuthService.Application\AuthService.Application.csproj", "{9F10EC73-F59E-41A3-BE7A-C145AF33B0C1}"
EndProject
Project("{FAE04EC0-301F-11D3-BF4B-00C04F79EFBC}") = "AuthService.Infrastructure", "AuthService.Infrastructure\AuthService.Infrastructure.csproj", "{E8FBA376-30BB-4060-B950-002138EA1AA2}"
EndProject
Project("{FAE04EC0-301F-11D3-BF4B-00C04F79EFBC}") = "AuthService.API", "AuthService.API\AuthService.API.csproj", "{1A84D9A9-F10D-4926-8B0A-FBC4C5ADD1A1}"
EndProject
Project("{FAE04EC0-301F-11D3-BF4B-00C04F79EFBC}") = "LogService.Domain", "LogService.Domain\LogService.Domain.csproj", "{4C91336E-B1D5-4502-9D36-10B79CEEE655}"
EndProject
Project("{FAE04EC0-301F-11D3-BF4B-00C04F79EFBC}") = "LogService.Application", "LogService.Application\LogService.Application.csproj", "{B8C3C027-9AA7-45A5-B0BC-0E6896C178E8}"
EndProject
Project("{FAE04EC0-301F-11D3-BF4B-00C04F79EFBC}") = "LogService.Infrastructure", "LogService.Infrastructure\LogService.Infrastructure.csproj", "{6F517374-04A9-4ADE-9E30-5A4F69FC1813}"
EndProject
Project("{FAE04EC0-301F-11D3-BF4B-00C04F79EFBC}") = "LogService.API", "LogService.API\LogService.API.csproj", "{AAA48274-598C-47F9-8A3C-37D72A4BBAFD}"
EndProject
Project("{FAE04EC0-301F-11D3-BF4B-00C04F79EFBC}") = "YarpGateway", "YarpGateway\YarpGateway.csproj", "{BCF17259-2187-42EA-9C8C-05B4ABD5AD88}"
EndProject
Project("{2150E333-8FDC-42A3-9474-1A3956D46DE8}") = "Solution Items", "Solution Items", "{8EC462FD-D22E-90A8-E5CE-7E832BA40C5D}"
	ProjectSection(SolutionItems) = preProject
		.dockerignore = .dockerignore
		.gitignore = .gitignore
		..\k8s\api-gateway-deployment.yaml = ..\k8s\api-gateway-deployment.yaml
		..\k8s\auth-service-deployment.yaml = ..\k8s\auth-service-deployment.yaml
		.github\workflows\ci-cd.yml = .github\workflows\ci-cd.yml
		Cleanup.ps1 = Cleanup.ps1
		Directory.Build.props = Directory.Build.props
		docker-compose.override.yml = docker-compose.override.yml
		docker-compose.yml = docker-compose.yml
		..\scripts\init-db.sql = ..\scripts\init-db.sql
		..\k8s\log-service-deployment.yaml = ..\k8s\log-service-deployment.yaml
		..\k8s\product-service-deployment.yaml = ..\k8s\product-service-deployment.yaml
		..\k8s\rabbitmq-deployment.yaml.txt = ..\k8s\rabbitmq-deployment.yaml.txt
		README.md = README.md
		..\k8s\redis-deployment.yaml = ..\k8s\redis-deployment.yaml
		..\scripts\run-all.bat = ..\scripts\run-all.bat
		..\k8s\seq-deployment.yaml = ..\k8s\seq-deployment.yaml
		..\k8s\sql-server-deployment.yaml = ..\k8s\sql-server-deployment.yaml
	EndProjectSection
EndProject
Project("{2150E333-8FDC-42A3-9474-1A3956D46DE8}") = "Shared", "Shared", "{8728DD22-71AC-4E69-85E3-1A2C2A1392D0}"
EndProject
Project("{FAE04EC0-301F-11D3-BF4B-00C04F79EFBC}") = "SharedKernel", "SharedKernel\SharedKernel.csproj", "{171E3CDB-63F3-4717-AE9F-BE9A1AD4F00C}"
EndProject
Project("{FAE04EC0-301F-11D3-BF4B-00C04F79EFBC}") = "EventBus", "EventBus\EventBus.csproj", "{81664A85-8ADB-480F-902A-884BCFA691EC}"
EndProject
Project("{2150E333-8FDC-42A3-9474-1A3956D46DE8}") = "Common", "Common", "{BF0CCB1A-8C23-4961-B6ED-45F90DA4AD16}"
EndProject
Project("{2150E333-8FDC-42A3-9474-1A3956D46DE8}") = "Middleware", "Middleware", "{E74D14D9-4838-43E3-8863-17D02D145518}"
	ProjectSection(SolutionItems) = preProject
		ExceptionHandlingMiddleware.cs = ExceptionHandlingMiddleware.cs
	EndProjectSection
EndProject
Project("{2150E333-8FDC-42A3-9474-1A3956D46DE8}") = "Models", "Models", "{0C66A54C-F2C0-43A9-BB4E-FD07E365A4D1}"
	ProjectSection(SolutionItems) = preProject
		ErrorDetails.cs = ErrorDetails.cs
	EndProjectSection
EndProject
Project("{FAE04EC0-301F-11D3-BF4B-00C04F79EFBC}") = "AuthService.Tests", "AuthService.Tests\AuthService.Tests.csproj", "{B4D567C1-1C33-4AAF-8101-DD01949F419F}"
EndProject
Project("{FAE04EC0-301F-11D3-BF4B-00C04F79EFBC}") = "ProductService.Tests", "ProductService.Tests\ProductService.Tests.csproj", "{4BDDA15D-9BE3-4E1B-BF45-02B4AD538D00}"
EndProject
Project("{FAE04EC0-301F-11D3-BF4B-00C04F79EFBC}") = "LogService.Worker", "LogService.Worker\LogService.Worker.csproj", "{846AD073-A314-41A7-B8DC-40962E2B6012}"
EndProject
Project("{FAE04EC0-301F-11D3-BF4B-00C04F79EFBC}") = "LogService.Tests", "LogService.Tests\LogService.Tests.csproj", "{FD51244D-FA2E-43F8-A5C1-7AF667CEEAD9}"
EndProject
Project("{2150E333-8FDC-42A3-9474-1A3956D46DE8}") = "Constants", "Constants", "{6F4F5920-49FA-43F5-96F4-696975BC1B70}"
EndProject
Project("{2150E333-8FDC-42A3-9474-1A3956D46DE8}") = "Extensions", "Extensions", "{CA4977AC-AF4E-45A5-8038-BF4B950C440D}"
EndProject
Project("{2150E333-8FDC-42A3-9474-1A3956D46DE8}") = "Helpers", "Helpers", "{28D5F2C8-7D29-425A-842B-3EA8AD8CA0D5}"
EndProject
Global
	GlobalSection(SolutionConfigurationPlatforms) = preSolution
		Debug|Any CPU = Debug|Any CPU
		Debug|x64 = Debug|x64
		Debug|x86 = Debug|x86
		Release|Any CPU = Release|Any CPU
		Release|x64 = Release|x64
		Release|x86 = Release|x86
	EndGlobalSection
	GlobalSection(ProjectConfigurationPlatforms) = postSolution
		{043BC6E2-F8D0-444D-8869-52E5CEB795B6}.Debug|Any CPU.ActiveCfg = Debug|Any CPU
		{043BC6E2-F8D0-444D-8869-52E5CEB795B6}.Debug|Any CPU.Build.0 = Debug|Any CPU
		{043BC6E2-F8D0-444D-8869-52E5CEB795B6}.Debug|x64.ActiveCfg = Debug|Any CPU
		{043BC6E2-F8D0-444D-8869-52E5CEB795B6}.Debug|x64.Build.0 = Debug|Any CPU
		{043BC6E2-F8D0-444D-8869-52E5CEB795B6}.Debug|x86.ActiveCfg = Debug|Any CPU
		{043BC6E2-F8D0-444D-8869-52E5CEB795B6}.Debug|x86.Build.0 = Debug|Any CPU
		{043BC6E2-F8D0-444D-8869-52E5CEB795B6}.Release|Any CPU.ActiveCfg = Release|Any CPU
		{043BC6E2-F8D0-444D-8869-52E5CEB795B6}.Release|Any CPU.Build.0 = Release|Any CPU
		{043BC6E2-F8D0-444D-8869-52E5CEB795B6}.Release|x64.ActiveCfg = Release|Any CPU
		{043BC6E2-F8D0-444D-8869-52E5CEB795B6}.Release|x64.Build.0 = Release|Any CPU
		{043BC6E2-F8D0-444D-8869-52E5CEB795B6}.Release|x86.ActiveCfg = Release|Any CPU
		{043BC6E2-F8D0-444D-8869-52E5CEB795B6}.Release|x86.Build.0 = Release|Any CPU
		{679F31F7-44D5-4F65-BD1B-F2E73BD899EC}.Debug|Any CPU.ActiveCfg = Debug|Any CPU
		{679F31F7-44D5-4F65-BD1B-F2E73BD899EC}.Debug|Any CPU.Build.0 = Debug|Any CPU
		{679F31F7-44D5-4F65-BD1B-F2E73BD899EC}.Debug|x64.ActiveCfg = Debug|Any CPU
		{679F31F7-44D5-4F65-BD1B-F2E73BD899EC}.Debug|x64.Build.0 = Debug|Any CPU
		{679F31F7-44D5-4F65-BD1B-F2E73BD899EC}.Debug|x86.ActiveCfg = Debug|Any CPU
		{679F31F7-44D5-4F65-BD1B-F2E73BD899EC}.Debug|x86.Build.0 = Debug|Any CPU
		{679F31F7-44D5-4F65-BD1B-F2E73BD899EC}.Release|Any CPU.ActiveCfg = Release|Any CPU
		{679F31F7-44D5-4F65-BD1B-F2E73BD899EC}.Release|Any CPU.Build.0 = Release|Any CPU
		{679F31F7-44D5-4F65-BD1B-F2E73BD899EC}.Release|x64.ActiveCfg = Release|Any CPU
		{679F31F7-44D5-4F65-BD1B-F2E73BD899EC}.Release|x64.Build.0 = Release|Any CPU
		{679F31F7-44D5-4F65-BD1B-F2E73BD899EC}.Release|x86.ActiveCfg = Release|Any CPU
		{679F31F7-44D5-4F65-BD1B-F2E73BD899EC}.Release|x86.Build.0 = Release|Any CPU
		{865F6581-1B4F-458D-8A21-3E2713B931ED}.Debug|Any CPU.ActiveCfg = Debug|Any CPU
		{865F6581-1B4F-458D-8A21-3E2713B931ED}.Debug|Any CPU.Build.0 = Debug|Any CPU
		{865F6581-1B4F-458D-8A21-3E2713B931ED}.Debug|x64.ActiveCfg = Debug|Any CPU
		{865F6581-1B4F-458D-8A21-3E2713B931ED}.Debug|x64.Build.0 = Debug|Any CPU
		{865F6581-1B4F-458D-8A21-3E2713B931ED}.Debug|x86.ActiveCfg = Debug|Any CPU
		{865F6581-1B4F-458D-8A21-3E2713B931ED}.Debug|x86.Build.0 = Debug|Any CPU
		{865F6581-1B4F-458D-8A21-3E2713B931ED}.Release|Any CPU.ActiveCfg = Release|Any CPU
		{865F6581-1B4F-458D-8A21-3E2713B931ED}.Release|Any CPU.Build.0 = Release|Any CPU
		{865F6581-1B4F-458D-8A21-3E2713B931ED}.Release|x64.ActiveCfg = Release|Any CPU
		{865F6581-1B4F-458D-8A21-3E2713B931ED}.Release|x64.Build.0 = Release|Any CPU
		{865F6581-1B4F-458D-8A21-3E2713B931ED}.Release|x86.ActiveCfg = Release|Any CPU
		{865F6581-1B4F-458D-8A21-3E2713B931ED}.Release|x86.Build.0 = Release|Any CPU
		{77F0CCAC-7A06-4F16-9AEE-8E35319CA697}.Debug|Any CPU.ActiveCfg = Debug|Any CPU
		{77F0CCAC-7A06-4F16-9AEE-8E35319CA697}.Debug|Any CPU.Build.0 = Debug|Any CPU
		{77F0CCAC-7A06-4F16-9AEE-8E35319CA697}.Debug|x64.ActiveCfg = Debug|Any CPU
		{77F0CCAC-7A06-4F16-9AEE-8E35319CA697}.Debug|x64.Build.0 = Debug|Any CPU
		{77F0CCAC-7A06-4F16-9AEE-8E35319CA697}.Debug|x86.ActiveCfg = Debug|Any CPU
		{77F0CCAC-7A06-4F16-9AEE-8E35319CA697}.Debug|x86.Build.0 = Debug|Any CPU
		{77F0CCAC-7A06-4F16-9AEE-8E35319CA697}.Release|Any CPU.ActiveCfg = Release|Any CPU
		{77F0CCAC-7A06-4F16-9AEE-8E35319CA697}.Release|Any CPU.Build.0 = Release|Any CPU
		{77F0CCAC-7A06-4F16-9AEE-8E35319CA697}.Release|x64.ActiveCfg = Release|Any CPU
		{77F0CCAC-7A06-4F16-9AEE-8E35319CA697}.Release|x64.Build.0 = Release|Any CPU
		{77F0CCAC-7A06-4F16-9AEE-8E35319CA697}.Release|x86.ActiveCfg = Release|Any CPU
		{77F0CCAC-7A06-4F16-9AEE-8E35319CA697}.Release|x86.Build.0 = Release|Any CPU
		{FF2626A6-2D92-464E-B7C6-E243A8694C68}.Debug|Any CPU.ActiveCfg = Debug|Any CPU
		{FF2626A6-2D92-464E-B7C6-E243A8694C68}.Debug|Any CPU.Build.0 = Debug|Any CPU
		{FF2626A6-2D92-464E-B7C6-E243A8694C68}.Debug|x64.ActiveCfg = Debug|Any CPU
		{FF2626A6-2D92-464E-B7C6-E243A8694C68}.Debug|x64.Build.0 = Debug|Any CPU
		{FF2626A6-2D92-464E-B7C6-E243A8694C68}.Debug|x86.ActiveCfg = Debug|Any CPU
		{FF2626A6-2D92-464E-B7C6-E243A8694C68}.Debug|x86.Build.0 = Debug|Any CPU
		{FF2626A6-2D92-464E-B7C6-E243A8694C68}.Release|Any CPU.ActiveCfg = Release|Any CPU
		{FF2626A6-2D92-464E-B7C6-E243A8694C68}.Release|Any CPU.Build.0 = Release|Any CPU
		{FF2626A6-2D92-464E-B7C6-E243A8694C68}.Release|x64.ActiveCfg = Release|Any CPU
		{FF2626A6-2D92-464E-B7C6-E243A8694C68}.Release|x64.Build.0 = Release|Any CPU
		{FF2626A6-2D92-464E-B7C6-E243A8694C68}.Release|x86.ActiveCfg = Release|Any CPU
		{FF2626A6-2D92-464E-B7C6-E243A8694C68}.Release|x86.Build.0 = Release|Any CPU
		{9F10EC73-F59E-41A3-BE7A-C145AF33B0C1}.Debug|Any CPU.ActiveCfg = Debug|Any CPU
		{9F10EC73-F59E-41A3-BE7A-C145AF33B0C1}.Debug|Any CPU.Build.0 = Debug|Any CPU
		{9F10EC73-F59E-41A3-BE7A-C145AF33B0C1}.Debug|x64.ActiveCfg = Debug|Any CPU
		{9F10EC73-F59E-41A3-BE7A-C145AF33B0C1}.Debug|x64.Build.0 = Debug|Any CPU
		{9F10EC73-F59E-41A3-BE7A-C145AF33B0C1}.Debug|x86.ActiveCfg = Debug|Any CPU
		{9F10EC73-F59E-41A3-BE7A-C145AF33B0C1}.Debug|x86.Build.0 = Debug|Any CPU
		{9F10EC73-F59E-41A3-BE7A-C145AF33B0C1}.Release|Any CPU.ActiveCfg = Release|Any CPU
		{9F10EC73-F59E-41A3-BE7A-C145AF33B0C1}.Release|Any CPU.Build.0 = Release|Any CPU
		{9F10EC73-F59E-41A3-BE7A-C145AF33B0C1}.Release|x64.ActiveCfg = Release|Any CPU
		{9F10EC73-F59E-41A3-BE7A-C145AF33B0C1}.Release|x64.Build.0 = Release|Any CPU
		{9F10EC73-F59E-41A3-BE7A-C145AF33B0C1}.Release|x86.ActiveCfg = Release|Any CPU
		{9F10EC73-F59E-41A3-BE7A-C145AF33B0C1}.Release|x86.Build.0 = Release|Any CPU
		{E8FBA376-30BB-4060-B950-002138EA1AA2}.Debug|Any CPU.ActiveCfg = Debug|Any CPU
		{E8FBA376-30BB-4060-B950-002138EA1AA2}.Debug|Any CPU.Build.0 = Debug|Any CPU
		{E8FBA376-30BB-4060-B950-002138EA1AA2}.Debug|x64.ActiveCfg = Debug|Any CPU
		{E8FBA376-30BB-4060-B950-002138EA1AA2}.Debug|x64.Build.0 = Debug|Any CPU
		{E8FBA376-30BB-4060-B950-002138EA1AA2}.Debug|x86.ActiveCfg = Debug|Any CPU
		{E8FBA376-30BB-4060-B950-002138EA1AA2}.Debug|x86.Build.0 = Debug|Any CPU
		{E8FBA376-30BB-4060-B950-002138EA1AA2}.Release|Any CPU.ActiveCfg = Release|Any CPU
		{E8FBA376-30BB-4060-B950-002138EA1AA2}.Release|Any CPU.Build.0 = Release|Any CPU
		{E8FBA376-30BB-4060-B950-002138EA1AA2}.Release|x64.ActiveCfg = Release|Any CPU
		{E8FBA376-30BB-4060-B950-002138EA1AA2}.Release|x64.Build.0 = Release|Any CPU
		{E8FBA376-30BB-4060-B950-002138EA1AA2}.Release|x86.ActiveCfg = Release|Any CPU
		{E8FBA376-30BB-4060-B950-002138EA1AA2}.Release|x86.Build.0 = Release|Any CPU
		{1A84D9A9-F10D-4926-8B0A-FBC4C5ADD1A1}.Debug|Any CPU.ActiveCfg = Debug|Any CPU
		{1A84D9A9-F10D-4926-8B0A-FBC4C5ADD1A1}.Debug|Any CPU.Build.0 = Debug|Any CPU
		{1A84D9A9-F10D-4926-8B0A-FBC4C5ADD1A1}.Debug|x64.ActiveCfg = Debug|Any CPU
		{1A84D9A9-F10D-4926-8B0A-FBC4C5ADD1A1}.Debug|x64.Build.0 = Debug|Any CPU
		{1A84D9A9-F10D-4926-8B0A-FBC4C5ADD1A1}.Debug|x86.ActiveCfg = Debug|Any CPU
		{1A84D9A9-F10D-4926-8B0A-FBC4C5ADD1A1}.Debug|x86.Build.0 = Debug|Any CPU
		{1A84D9A9-F10D-4926-8B0A-FBC4C5ADD1A1}.Release|Any CPU.ActiveCfg = Release|Any CPU
		{1A84D9A9-F10D-4926-8B0A-FBC4C5ADD1A1}.Release|Any CPU.Build.0 = Release|Any CPU
		{1A84D9A9-F10D-4926-8B0A-FBC4C5ADD1A1}.Release|x64.ActiveCfg = Release|Any CPU
		{1A84D9A9-F10D-4926-8B0A-FBC4C5ADD1A1}.Release|x64.Build.0 = Release|Any CPU
		{1A84D9A9-F10D-4926-8B0A-FBC4C5ADD1A1}.Release|x86.ActiveCfg = Release|Any CPU
		{1A84D9A9-F10D-4926-8B0A-FBC4C5ADD1A1}.Release|x86.Build.0 = Release|Any CPU
		{4C91336E-B1D5-4502-9D36-10B79CEEE655}.Debug|Any CPU.ActiveCfg = Debug|Any CPU
		{4C91336E-B1D5-4502-9D36-10B79CEEE655}.Debug|Any CPU.Build.0 = Debug|Any CPU
		{4C91336E-B1D5-4502-9D36-10B79CEEE655}.Debug|x64.ActiveCfg = Debug|Any CPU
		{4C91336E-B1D5-4502-9D36-10B79CEEE655}.Debug|x64.Build.0 = Debug|Any CPU
		{4C91336E-B1D5-4502-9D36-10B79CEEE655}.Debug|x86.ActiveCfg = Debug|Any CPU
		{4C91336E-B1D5-4502-9D36-10B79CEEE655}.Debug|x86.Build.0 = Debug|Any CPU
		{4C91336E-B1D5-4502-9D36-10B79CEEE655}.Release|Any CPU.ActiveCfg = Release|Any CPU
		{4C91336E-B1D5-4502-9D36-10B79CEEE655}.Release|Any CPU.Build.0 = Release|Any CPU
		{4C91336E-B1D5-4502-9D36-10B79CEEE655}.Release|x64.ActiveCfg = Release|Any CPU
		{4C91336E-B1D5-4502-9D36-10B79CEEE655}.Release|x64.Build.0 = Release|Any CPU
		{4C91336E-B1D5-4502-9D36-10B79CEEE655}.Release|x86.ActiveCfg = Release|Any CPU
		{4C91336E-B1D5-4502-9D36-10B79CEEE655}.Release|x86.Build.0 = Release|Any CPU
		{B8C3C027-9AA7-45A5-B0BC-0E6896C178E8}.Debug|Any CPU.ActiveCfg = Debug|Any CPU
		{B8C3C027-9AA7-45A5-B0BC-0E6896C178E8}.Debug|Any CPU.Build.0 = Debug|Any CPU
		{B8C3C027-9AA7-45A5-B0BC-0E6896C178E8}.Debug|x64.ActiveCfg = Debug|Any CPU
		{B8C3C027-9AA7-45A5-B0BC-0E6896C178E8}.Debug|x64.Build.0 = Debug|Any CPU
		{B8C3C027-9AA7-45A5-B0BC-0E6896C178E8}.Debug|x86.ActiveCfg = Debug|Any CPU
		{B8C3C027-9AA7-45A5-B0BC-0E6896C178E8}.Debug|x86.Build.0 = Debug|Any CPU
		{B8C3C027-9AA7-45A5-B0BC-0E6896C178E8}.Release|Any CPU.ActiveCfg = Release|Any CPU
		{B8C3C027-9AA7-45A5-B0BC-0E6896C178E8}.Release|Any CPU.Build.0 = Release|Any CPU
		{B8C3C027-9AA7-45A5-B0BC-0E6896C178E8}.Release|x64.ActiveCfg = Release|Any CPU
		{B8C3C027-9AA7-45A5-B0BC-0E6896C178E8}.Release|x64.Build.0 = Release|Any CPU
		{B8C3C027-9AA7-45A5-B0BC-0E6896C178E8}.Release|x86.ActiveCfg = Release|Any CPU
		{B8C3C027-9AA7-45A5-B0BC-0E6896C178E8}.Release|x86.Build.0 = Release|Any CPU
		{6F517374-04A9-4ADE-9E30-5A4F69FC1813}.Debug|Any CPU.ActiveCfg = Debug|Any CPU
		{6F517374-04A9-4ADE-9E30-5A4F69FC1813}.Debug|Any CPU.Build.0 = Debug|Any CPU
		{6F517374-04A9-4ADE-9E30-5A4F69FC1813}.Debug|x64.ActiveCfg = Debug|Any CPU
		{6F517374-04A9-4ADE-9E30-5A4F69FC1813}.Debug|x64.Build.0 = Debug|Any CPU
		{6F517374-04A9-4ADE-9E30-5A4F69FC1813}.Debug|x86.ActiveCfg = Debug|Any CPU
		{6F517374-04A9-4ADE-9E30-5A4F69FC1813}.Debug|x86.Build.0 = Debug|Any CPU
		{6F517374-04A9-4ADE-9E30-5A4F69FC1813}.Release|Any CPU.ActiveCfg = Release|Any CPU
		{6F517374-04A9-4ADE-9E30-5A4F69FC1813}.Release|Any CPU.Build.0 = Release|Any CPU
		{6F517374-04A9-4ADE-9E30-5A4F69FC1813}.Release|x64.ActiveCfg = Release|Any CPU
		{6F517374-04A9-4ADE-9E30-5A4F69FC1813}.Release|x64.Build.0 = Release|Any CPU
		{6F517374-04A9-4ADE-9E30-5A4F69FC1813}.Release|x86.ActiveCfg = Release|Any CPU
		{6F517374-04A9-4ADE-9E30-5A4F69FC1813}.Release|x86.Build.0 = Release|Any CPU
		{AAA48274-598C-47F9-8A3C-37D72A4BBAFD}.Debug|Any CPU.ActiveCfg = Debug|Any CPU
		{AAA48274-598C-47F9-8A3C-37D72A4BBAFD}.Debug|Any CPU.Build.0 = Debug|Any CPU
		{AAA48274-598C-47F9-8A3C-37D72A4BBAFD}.Debug|x64.ActiveCfg = Debug|Any CPU
		{AAA48274-598C-47F9-8A3C-37D72A4BBAFD}.Debug|x64.Build.0 = Debug|Any CPU
		{AAA48274-598C-47F9-8A3C-37D72A4BBAFD}.Debug|x86.ActiveCfg = Debug|Any CPU
		{AAA48274-598C-47F9-8A3C-37D72A4BBAFD}.Debug|x86.Build.0 = Debug|Any CPU
		{AAA48274-598C-47F9-8A3C-37D72A4BBAFD}.Release|Any CPU.ActiveCfg = Release|Any CPU
		{AAA48274-598C-47F9-8A3C-37D72A4BBAFD}.Release|Any CPU.Build.0 = Release|Any CPU
		{AAA48274-598C-47F9-8A3C-37D72A4BBAFD}.Release|x64.ActiveCfg = Release|Any CPU
		{AAA48274-598C-47F9-8A3C-37D72A4BBAFD}.Release|x64.Build.0 = Release|Any CPU
		{AAA48274-598C-47F9-8A3C-37D72A4BBAFD}.Release|x86.ActiveCfg = Release|Any CPU
		{AAA48274-598C-47F9-8A3C-37D72A4BBAFD}.Release|x86.Build.0 = Release|Any CPU
		{BCF17259-2187-42EA-9C8C-05B4ABD5AD88}.Debug|Any CPU.ActiveCfg = Debug|Any CPU
		{BCF17259-2187-42EA-9C8C-05B4ABD5AD88}.Debug|Any CPU.Build.0 = Debug|Any CPU
		{BCF17259-2187-42EA-9C8C-05B4ABD5AD88}.Debug|x64.ActiveCfg = Debug|Any CPU
		{BCF17259-2187-42EA-9C8C-05B4ABD5AD88}.Debug|x64.Build.0 = Debug|Any CPU
		{BCF17259-2187-42EA-9C8C-05B4ABD5AD88}.Debug|x86.ActiveCfg = Debug|Any CPU
		{BCF17259-2187-42EA-9C8C-05B4ABD5AD88}.Debug|x86.Build.0 = Debug|Any CPU
		{BCF17259-2187-42EA-9C8C-05B4ABD5AD88}.Release|Any CPU.ActiveCfg = Release|Any CPU
		{BCF17259-2187-42EA-9C8C-05B4ABD5AD88}.Release|Any CPU.Build.0 = Release|Any CPU
		{BCF17259-2187-42EA-9C8C-05B4ABD5AD88}.Release|x64.ActiveCfg = Release|Any CPU
		{BCF17259-2187-42EA-9C8C-05B4ABD5AD88}.Release|x64.Build.0 = Release|Any CPU
		{BCF17259-2187-42EA-9C8C-05B4ABD5AD88}.Release|x86.ActiveCfg = Release|Any CPU
		{BCF17259-2187-42EA-9C8C-05B4ABD5AD88}.Release|x86.Build.0 = Release|Any CPU
		{171E3CDB-63F3-4717-AE9F-BE9A1AD4F00C}.Debug|Any CPU.ActiveCfg = Debug|Any CPU
		{171E3CDB-63F3-4717-AE9F-BE9A1AD4F00C}.Debug|Any CPU.Build.0 = Debug|Any CPU
		{171E3CDB-63F3-4717-AE9F-BE9A1AD4F00C}.Debug|x64.ActiveCfg = Debug|Any CPU
		{171E3CDB-63F3-4717-AE9F-BE9A1AD4F00C}.Debug|x64.Build.0 = Debug|Any CPU
		{171E3CDB-63F3-4717-AE9F-BE9A1AD4F00C}.Debug|x86.ActiveCfg = Debug|Any CPU
		{171E3CDB-63F3-4717-AE9F-BE9A1AD4F00C}.Debug|x86.Build.0 = Debug|Any CPU
		{171E3CDB-63F3-4717-AE9F-BE9A1AD4F00C}.Release|Any CPU.ActiveCfg = Release|Any CPU
		{171E3CDB-63F3-4717-AE9F-BE9A1AD4F00C}.Release|Any CPU.Build.0 = Release|Any CPU
		{171E3CDB-63F3-4717-AE9F-BE9A1AD4F00C}.Release|x64.ActiveCfg = Release|Any CPU
		{171E3CDB-63F3-4717-AE9F-BE9A1AD4F00C}.Release|x64.Build.0 = Release|Any CPU
		{171E3CDB-63F3-4717-AE9F-BE9A1AD4F00C}.Release|x86.ActiveCfg = Release|Any CPU
		{171E3CDB-63F3-4717-AE9F-BE9A1AD4F00C}.Release|x86.Build.0 = Release|Any CPU
		{81664A85-8ADB-480F-902A-884BCFA691EC}.Debug|Any CPU.ActiveCfg = Debug|Any CPU
		{81664A85-8ADB-480F-902A-884BCFA691EC}.Debug|Any CPU.Build.0 = Debug|Any CPU
		{81664A85-8ADB-480F-902A-884BCFA691EC}.Debug|x64.ActiveCfg = Debug|Any CPU
		{81664A85-8ADB-480F-902A-884BCFA691EC}.Debug|x64.Build.0 = Debug|Any CPU
		{81664A85-8ADB-480F-902A-884BCFA691EC}.Debug|x86.ActiveCfg = Debug|Any CPU
		{81664A85-8ADB-480F-902A-884BCFA691EC}.Debug|x86.Build.0 = Debug|Any CPU
		{81664A85-8ADB-480F-902A-884BCFA691EC}.Release|Any CPU.ActiveCfg = Release|Any CPU
		{81664A85-8ADB-480F-902A-884BCFA691EC}.Release|Any CPU.Build.0 = Release|Any CPU
		{81664A85-8ADB-480F-902A-884BCFA691EC}.Release|x64.ActiveCfg = Release|Any CPU
		{81664A85-8ADB-480F-902A-884BCFA691EC}.Release|x64.Build.0 = Release|Any CPU
		{81664A85-8ADB-480F-902A-884BCFA691EC}.Release|x86.ActiveCfg = Release|Any CPU
		{81664A85-8ADB-480F-902A-884BCFA691EC}.Release|x86.Build.0 = Release|Any CPU
		{B4D567C1-1C33-4AAF-8101-DD01949F419F}.Debug|Any CPU.ActiveCfg = Debug|Any CPU
		{B4D567C1-1C33-4AAF-8101-DD01949F419F}.Debug|Any CPU.Build.0 = Debug|Any CPU
		{B4D567C1-1C33-4AAF-8101-DD01949F419F}.Debug|x64.ActiveCfg = Debug|Any CPU
		{B4D567C1-1C33-4AAF-8101-DD01949F419F}.Debug|x64.Build.0 = Debug|Any CPU
		{B4D567C1-1C33-4AAF-8101-DD01949F419F}.Debug|x86.ActiveCfg = Debug|Any CPU
		{B4D567C1-1C33-4AAF-8101-DD01949F419F}.Debug|x86.Build.0 = Debug|Any CPU
		{B4D567C1-1C33-4AAF-8101-DD01949F419F}.Release|Any CPU.ActiveCfg = Release|Any CPU
		{B4D567C1-1C33-4AAF-8101-DD01949F419F}.Release|Any CPU.Build.0 = Release|Any CPU
		{B4D567C1-1C33-4AAF-8101-DD01949F419F}.Release|x64.ActiveCfg = Release|Any CPU
		{B4D567C1-1C33-4AAF-8101-DD01949F419F}.Release|x64.Build.0 = Release|Any CPU
		{B4D567C1-1C33-4AAF-8101-DD01949F419F}.Release|x86.ActiveCfg = Release|Any CPU
		{B4D567C1-1C33-4AAF-8101-DD01949F419F}.Release|x86.Build.0 = Release|Any CPU
		{4BDDA15D-9BE3-4E1B-BF45-02B4AD538D00}.Debug|Any CPU.ActiveCfg = Debug|Any CPU
		{4BDDA15D-9BE3-4E1B-BF45-02B4AD538D00}.Debug|Any CPU.Build.0 = Debug|Any CPU
		{4BDDA15D-9BE3-4E1B-BF45-02B4AD538D00}.Debug|x64.ActiveCfg = Debug|Any CPU
		{4BDDA15D-9BE3-4E1B-BF45-02B4AD538D00}.Debug|x64.Build.0 = Debug|Any CPU
		{4BDDA15D-9BE3-4E1B-BF45-02B4AD538D00}.Debug|x86.ActiveCfg = Debug|Any CPU
		{4BDDA15D-9BE3-4E1B-BF45-02B4AD538D00}.Debug|x86.Build.0 = Debug|Any CPU
		{4BDDA15D-9BE3-4E1B-BF45-02B4AD538D00}.Release|Any CPU.ActiveCfg = Release|Any CPU
		{4BDDA15D-9BE3-4E1B-BF45-02B4AD538D00}.Release|Any CPU.Build.0 = Release|Any CPU
		{4BDDA15D-9BE3-4E1B-BF45-02B4AD538D00}.Release|x64.ActiveCfg = Release|Any CPU
		{4BDDA15D-9BE3-4E1B-BF45-02B4AD538D00}.Release|x64.Build.0 = Release|Any CPU
		{4BDDA15D-9BE3-4E1B-BF45-02B4AD538D00}.Release|x86.ActiveCfg = Release|Any CPU
		{4BDDA15D-9BE3-4E1B-BF45-02B4AD538D00}.Release|x86.Build.0 = Release|Any CPU
		{846AD073-A314-41A7-B8DC-40962E2B6012}.Debug|Any CPU.ActiveCfg = Debug|Any CPU
		{846AD073-A314-41A7-B8DC-40962E2B6012}.Debug|Any CPU.Build.0 = Debug|Any CPU
		{846AD073-A314-41A7-B8DC-40962E2B6012}.Debug|x64.ActiveCfg = Debug|Any CPU
		{846AD073-A314-41A7-B8DC-40962E2B6012}.Debug|x64.Build.0 = Debug|Any CPU
		{846AD073-A314-41A7-B8DC-40962E2B6012}.Debug|x86.ActiveCfg = Debug|Any CPU
		{846AD073-A314-41A7-B8DC-40962E2B6012}.Debug|x86.Build.0 = Debug|Any CPU
		{846AD073-A314-41A7-B8DC-40962E2B6012}.Release|Any CPU.ActiveCfg = Release|Any CPU
		{846AD073-A314-41A7-B8DC-40962E2B6012}.Release|Any CPU.Build.0 = Release|Any CPU
		{846AD073-A314-41A7-B8DC-40962E2B6012}.Release|x64.ActiveCfg = Release|Any CPU
		{846AD073-A314-41A7-B8DC-40962E2B6012}.Release|x64.Build.0 = Release|Any CPU
		{846AD073-A314-41A7-B8DC-40962E2B6012}.Release|x86.ActiveCfg = Release|Any CPU
		{846AD073-A314-41A7-B8DC-40962E2B6012}.Release|x86.Build.0 = Release|Any CPU
		{FD51244D-FA2E-43F8-A5C1-7AF667CEEAD9}.Debug|Any CPU.ActiveCfg = Debug|Any CPU
		{FD51244D-FA2E-43F8-A5C1-7AF667CEEAD9}.Debug|Any CPU.Build.0 = Debug|Any CPU
		{FD51244D-FA2E-43F8-A5C1-7AF667CEEAD9}.Debug|x64.ActiveCfg = Debug|Any CPU
		{FD51244D-FA2E-43F8-A5C1-7AF667CEEAD9}.Debug|x64.Build.0 = Debug|Any CPU
		{FD51244D-FA2E-43F8-A5C1-7AF667CEEAD9}.Debug|x86.ActiveCfg = Debug|Any CPU
		{FD51244D-FA2E-43F8-A5C1-7AF667CEEAD9}.Debug|x86.Build.0 = Debug|Any CPU
		{FD51244D-FA2E-43F8-A5C1-7AF667CEEAD9}.Release|Any CPU.ActiveCfg = Release|Any CPU
		{FD51244D-FA2E-43F8-A5C1-7AF667CEEAD9}.Release|Any CPU.Build.0 = Release|Any CPU
		{FD51244D-FA2E-43F8-A5C1-7AF667CEEAD9}.Release|x64.ActiveCfg = Release|Any CPU
		{FD51244D-FA2E-43F8-A5C1-7AF667CEEAD9}.Release|x64.Build.0 = Release|Any CPU
		{FD51244D-FA2E-43F8-A5C1-7AF667CEEAD9}.Release|x86.ActiveCfg = Release|Any CPU
		{FD51244D-FA2E-43F8-A5C1-7AF667CEEAD9}.Release|x86.Build.0 = Release|Any CPU
	EndGlobalSection
	GlobalSection(SolutionProperties) = preSolution
		HideSolutionNode = FALSE
	EndGlobalSection
	GlobalSection(NestedProjects) = preSolution
		{043BC6E2-F8D0-444D-8869-52E5CEB795B6} = {A42F68AE-1423-401E-921E-DDCF6C4C4B4B}
		{679F31F7-44D5-4F65-BD1B-F2E73BD899EC} = {A42F68AE-1423-401E-921E-DDCF6C4C4B4B}
		{865F6581-1B4F-458D-8A21-3E2713B931ED} = {A42F68AE-1423-401E-921E-DDCF6C4C4B4B}
		{77F0CCAC-7A06-4F16-9AEE-8E35319CA697} = {A42F68AE-1423-401E-921E-DDCF6C4C4B4B}
		{FF2626A6-2D92-464E-B7C6-E243A8694C68} = {02EA681E-C7D8-13C7-8484-4AC65E1B71E8}
		{9F10EC73-F59E-41A3-BE7A-C145AF33B0C1} = {02EA681E-C7D8-13C7-8484-4AC65E1B71E8}
		{E8FBA376-30BB-4060-B950-002138EA1AA2} = {02EA681E-C7D8-13C7-8484-4AC65E1B71E8}
		{1A84D9A9-F10D-4926-8B0A-FBC4C5ADD1A1} = {02EA681E-C7D8-13C7-8484-4AC65E1B71E8}
		{4C91336E-B1D5-4502-9D36-10B79CEEE655} = {2E811AEC-19FA-4B49-BDEC-F4D530F591AE}
		{B8C3C027-9AA7-45A5-B0BC-0E6896C178E8} = {2E811AEC-19FA-4B49-BDEC-F4D530F591AE}
		{6F517374-04A9-4ADE-9E30-5A4F69FC1813} = {2E811AEC-19FA-4B49-BDEC-F4D530F591AE}
		{AAA48274-598C-47F9-8A3C-37D72A4BBAFD} = {2E811AEC-19FA-4B49-BDEC-F4D530F591AE}
		{BCF17259-2187-42EA-9C8C-05B4ABD5AD88} = {D079E978-C139-472C-979A-A620C1A17FBE}
		{171E3CDB-63F3-4717-AE9F-BE9A1AD4F00C} = {8728DD22-71AC-4E69-85E3-1A2C2A1392D0}
		{81664A85-8ADB-480F-902A-884BCFA691EC} = {8728DD22-71AC-4E69-85E3-1A2C2A1392D0}
		{BF0CCB1A-8C23-4961-B6ED-45F90DA4AD16} = {8728DD22-71AC-4E69-85E3-1A2C2A1392D0}
		{E74D14D9-4838-43E3-8863-17D02D145518} = {BF0CCB1A-8C23-4961-B6ED-45F90DA4AD16}
		{0C66A54C-F2C0-43A9-BB4E-FD07E365A4D1} = {BF0CCB1A-8C23-4961-B6ED-45F90DA4AD16}
		{B4D567C1-1C33-4AAF-8101-DD01949F419F} = {02EA681E-C7D8-13C7-8484-4AC65E1B71E8}
		{4BDDA15D-9BE3-4E1B-BF45-02B4AD538D00} = {A42F68AE-1423-401E-921E-DDCF6C4C4B4B}
		{846AD073-A314-41A7-B8DC-40962E2B6012} = {2E811AEC-19FA-4B49-BDEC-F4D530F591AE}
		{FD51244D-FA2E-43F8-A5C1-7AF667CEEAD9} = {2E811AEC-19FA-4B49-BDEC-F4D530F591AE}
		{6F4F5920-49FA-43F5-96F4-696975BC1B70} = {BF0CCB1A-8C23-4961-B6ED-45F90DA4AD16}
		{CA4977AC-AF4E-45A5-8038-BF4B950C440D} = {BF0CCB1A-8C23-4961-B6ED-45F90DA4AD16}
		{28D5F2C8-7D29-425A-842B-3EA8AD8CA0D5} = {BF0CCB1A-8C23-4961-B6ED-45F90DA4AD16}
	EndGlobalSection
	GlobalSection(ExtensibilityGlobals) = postSolution
		SolutionGuid = {3C4FB829-709D-41A8-A6CB-5B5CB6D3F84D}
	EndGlobalSection
EndGlobal
